
Microsoft Visual Studio Solution File, Format Version 12.00
# Visual Studio Version 17
VisualStudioVersion = 17.9.34714.143
MinimumVisualStudioVersion = 10.0.40219.1
Project("{2150E333-8FDC-42A3-9474-1A3956D46DE8}") = "Services", "Services", "{E6C3B637-2CB8-49FE-8354-8FBFC230F2AA}"
EndProject
Project("{2150E333-8FDC-42A3-9474-1A3956D46DE8}") = "Catalog", "Catalog", "{2F1BAC91-CEA9-4ED6-94F2-57CA1D52AA50}"
EndProject
Project("{9A19103F-16F7-4668-BE54-9A1E7A4F7556}") = "MultiShop.Catalog", "Services\Catalog\MultiShop.Catalog\MultiShop.Catalog.csproj", "{C28E90ED-6222-499E-A4E0-E413C0F0C4CA}"
EndProject
Project("{2150E333-8FDC-42A3-9474-1A3956D46DE8}") = "Discount", "Discount", "{4AEA7143-0B35-41EB-9AB4-F38F642E709F}"
EndProject
Project("{9A19103F-16F7-4668-BE54-9A1E7A4F7556}") = "MultiShop.Discount", "Services\Discount\MultiShop.Discount\MultiShop.Discount.csproj", "{FB168520-5F35-43C3-9C15-0EA8C1F2F69F}"
EndProject
Project("{2150E333-8FDC-42A3-9474-1A3956D46DE8}") = "Order", "Order", "{EA121B24-7164-43F8-92E0-D7F7746B2AA4}"
EndProject
Project("{2150E333-8FDC-42A3-9474-1A3956D46DE8}") = "Core", "Core", "{C3075A57-BDFD-4D56-8202-4E5AEBD0A6CF}"
EndProject
Project("{2150E333-8FDC-42A3-9474-1A3956D46DE8}") = "Infrastructure", "Infrastructure", "{3A8484DE-77C2-46A1-9D9F-A3184482B5AC}"
EndProject
Project("{2150E333-8FDC-42A3-9474-1A3956D46DE8}") = "Presentation", "Presentation", "{B27182A3-2722-4010-A44D-A7C481DFFC91}"
EndProject
Project("{9A19103F-16F7-4668-BE54-9A1E7A4F7556}") = "MultiShop.Order.Domain", "Services\Order\Core\MultiShop.Order.Domain\MultiShop.Order.Domain.csproj", "{867AA5D1-3A7A-4C55-9D0F-1E4A11F8082B}"
EndProject
Project("{9A19103F-16F7-4668-BE54-9A1E7A4F7556}") = "MultiShop.Order.Application", "Services\Order\Core\MultiShop.Order.Application\MultiShop.Order.Application.csproj", "{676C6C94-8EC5-4C7B-A5FD-6E32BF42BB63}"
EndProject
Project("{9A19103F-16F7-4668-BE54-9A1E7A4F7556}") = "MultiShop.Order.Persistance", "Services\Order\Infrastructure\MultiShop.Order.Persistance\MultiShop.Order.Persistance.csproj", "{04BCB9AC-3A53-44DE-AF4C-F2873C0F19C5}"
EndProject
Project("{9A19103F-16F7-4668-BE54-9A1E7A4F7556}") = "MultiShop.Order.WebApi", "Services\Order\Presentation\MultiShop.Order.WebApi\MultiShop.Order.WebApi.csproj", "{12232802-F078-4444-AF01-07DB921A9482}"
EndProject
Project("{2150E333-8FDC-42A3-9474-1A3956D46DE8}") = "IdentityServer", "IdentityServer", "{B81197A7-5A8A-4681-80E8-060386C19FD7}"
EndProject
Project("{9A19103F-16F7-4668-BE54-9A1E7A4F7556}") = "MultiShop.IdentityServer", "IdentityServer\MultiShop.IdentityServer\MultiShop.IdentityServer.csproj", "{13712547-8B4B-4A96-BC45-75897FC9D5B7}"
EndProject
Project("{2150E333-8FDC-42A3-9474-1A3956D46DE8}") = "Requirements", "Requirements", "{3C65CEA7-9690-404E-A2D5-2196F78FDC67}"
	ProjectSection(SolutionItems) = preProject
		loginindex.txt = loginindex.txt
		OcelotCodeExample.txt = OcelotCodeExample.txt
		PortNumbers.txt = PortNumbers.txt
	EndProjectSection
EndProject
Project("{2150E333-8FDC-42A3-9474-1A3956D46DE8}") = "Cargo", "Cargo", "{36286A90-0DAE-4727-A005-6FBA559F066E}"
EndProject
Project("{9A19103F-16F7-4668-BE54-9A1E7A4F7556}") = "MultiShop.Cargo.EntityLayer", "Services\Cargo\MultiShop.Cargo.EntityLayer\MultiShop.Cargo.EntityLayer.csproj", "{76D729AE-03EF-40AE-89C3-62D83B60CF28}"
EndProject
Project("{9A19103F-16F7-4668-BE54-9A1E7A4F7556}") = "MultiShop.Cargo.DataAccessLayer", "Services\Cargo\MultiShop.Cargo.DataAccessLayer\MultiShop.Cargo.DataAccessLayer.csproj", "{C3920527-72E4-4F5D-890A-F890E4A4E50A}"
EndProject
Project("{9A19103F-16F7-4668-BE54-9A1E7A4F7556}") = "MultiShop.Cargo.DtoLayer", "Services\Cargo\MultiShop.Cargo.DtoLayer\MultiShop.Cargo.DtoLayer.csproj", "{5915F68C-AC5A-44B4-9719-FD09EA500A1C}"
EndProject
Project("{9A19103F-16F7-4668-BE54-9A1E7A4F7556}") = "MultiShop.Cargo.WebApi", "Services\Cargo\MultiShop.Cargo.WebApi\MultiShop.Cargo.WebApi.csproj", "{8AA806A4-BE62-46B8-8169-65A26776FD6C}"
EndProject
Project("{9A19103F-16F7-4668-BE54-9A1E7A4F7556}") = "MultiShop.Cargo.BusinessLayer", "Services\Cargo\MultiShop.Cargo.BusinessLayer\MultiShop.Cargo.BusinessLayer.csproj", "{B2F02721-9F4D-473B-8ABA-5B044C606F5F}"
EndProject
Project("{2150E333-8FDC-42A3-9474-1A3956D46DE8}") = "Basket", "Basket", "{237B7271-108E-4AA5-84DC-482A019A3FFB}"
EndProject
Project("{9A19103F-16F7-4668-BE54-9A1E7A4F7556}") = "MultiShop.Basket", "Services\Basket\MultiShop.Basket\MultiShop.Basket.csproj", "{8CA70F1E-EFA3-4727-8D6D-E5114AA47D91}"
EndProject
Project("{2150E333-8FDC-42A3-9474-1A3956D46DE8}") = "Frontends", "Frontends", "{86FFFB7D-7C23-4292-B3AB-8F4EB72FFEE7}"
EndProject
Project("{9A19103F-16F7-4668-BE54-9A1E7A4F7556}") = "MultiShop.WebUI", "Frontends\MultiShop.WebUI\MultiShop.WebUI.csproj", "{C696C361-49C5-41CB-B795-9CBCC5A0D653}"
EndProject
Project("{9A19103F-16F7-4668-BE54-9A1E7A4F7556}") = "MultiShop.DtoLayer", "Frontends\MultiShop.DtoLayer\MultiShop.DtoLayer.csproj", "{EAB5C9A0-D1E3-490E-B068-0669367C1272}"
EndProject
Project("{2150E333-8FDC-42A3-9474-1A3956D46DE8}") = "Comment", "Comment", "{D0E6D42E-F301-4EE2-9F22-4CAC3A86070F}"
EndProject
Project("{9A19103F-16F7-4668-BE54-9A1E7A4F7556}") = "MultiShop.Comment", "Services\Comment\MultiShop.Comment\MultiShop.Comment.csproj", "{DC4A3177-4744-4514-8E56-EF3151934ADD}"
EndProject
Project("{2150E333-8FDC-42A3-9474-1A3956D46DE8}") = "ApiGateway", "ApiGateway", "{8D2A1EFD-6A97-4E32-B069-B15E045352CB}"
EndProject
Project("{2150E333-8FDC-42A3-9474-1A3956D46DE8}") = "RapidApi", "RapidApi", "{F82AC971-FD50-40BD-BB5A-9C68DBA6A088}"
EndProject
Project("{9A19103F-16F7-4668-BE54-9A1E7A4F7556}") = "MultiShop.OcelotGateway", "ApiGateway\MultiShop.OcelotGateway\MultiShop.OcelotGateway.csproj", "{3FE3676D-4E49-440B-9FCA-68248FE3BEB6}"
EndProject
Project("{2150E333-8FDC-42A3-9474-1A3956D46DE8}") = "Payment", "Payment", "{B643B3E6-11FC-4BEA-80FF-09216F71A203}"
EndProject
Project("{9A19103F-16F7-4668-BE54-9A1E7A4F7556}") = "Multishop.Payment", "Services\Payment\Multishop.Payment\Multishop.Payment.csproj", "{76B09D56-8565-48E2-88A8-74ACFE0C34C7}"
EndProject
Project("{2150E333-8FDC-42A3-9474-1A3956D46DE8}") = "Images", "Images", "{0184B0E3-65EF-4406-88AE-24F939B52A82}"
EndProject
Project("{9A19103F-16F7-4668-BE54-9A1E7A4F7556}") = "Multishop.Images", "Services\Images\Multishop.Images\Multishop.Images.csproj", "{25BC0E7B-A8BC-44CC-A186-7371D6C165F2}"
EndProject
Project("{2150E333-8FDC-42A3-9474-1A3956D46DE8}") = "Message", "Message", "{7B3C84AD-F571-42A4-8D2D-21C7F2473DA2}"
EndProject
Project("{FAE04EC0-301F-11D3-BF4B-00C04F79EFBC}") = "MultiShop.Message", "Services\Message\MultiShop.Message\MultiShop.Message.csproj", "{EC12E078-EEAD-4A9F-B791-FE10AC7501F7}"
EndProject
Global
	GlobalSection(SolutionConfigurationPlatforms) = preSolution
		Debug|Any CPU = Debug|Any CPU
		Release|Any CPU = Release|Any CPU
	EndGlobalSection
	GlobalSection(ProjectConfigurationPlatforms) = postSolution
		{C28E90ED-6222-499E-A4E0-E413C0F0C4CA}.Debug|Any CPU.ActiveCfg = Debug|Any CPU
		{C28E90ED-6222-499E-A4E0-E413C0F0C4CA}.Debug|Any CPU.Build.0 = Debug|Any CPU
		{C28E90ED-6222-499E-A4E0-E413C0F0C4CA}.Release|Any CPU.ActiveCfg = Release|Any CPU
		{C28E90ED-6222-499E-A4E0-E413C0F0C4CA}.Release|Any CPU.Build.0 = Release|Any CPU
		{FB168520-5F35-43C3-9C15-0EA8C1F2F69F}.Debug|Any CPU.ActiveCfg = Debug|Any CPU
		{FB168520-5F35-43C3-9C15-0EA8C1F2F69F}.Debug|Any CPU.Build.0 = Debug|Any CPU
		{FB168520-5F35-43C3-9C15-0EA8C1F2F69F}.Release|Any CPU.ActiveCfg = Release|Any CPU
		{FB168520-5F35-43C3-9C15-0EA8C1F2F69F}.Release|Any CPU.Build.0 = Release|Any CPU
		{867AA5D1-3A7A-4C55-9D0F-1E4A11F8082B}.Debug|Any CPU.ActiveCfg = Debug|Any CPU
		{867AA5D1-3A7A-4C55-9D0F-1E4A11F8082B}.Debug|Any CPU.Build.0 = Debug|Any CPU
		{867AA5D1-3A7A-4C55-9D0F-1E4A11F8082B}.Release|Any CPU.ActiveCfg = Release|Any CPU
		{867AA5D1-3A7A-4C55-9D0F-1E4A11F8082B}.Release|Any CPU.Build.0 = Release|Any CPU
		{676C6C94-8EC5-4C7B-A5FD-6E32BF42BB63}.Debug|Any CPU.ActiveCfg = Debug|Any CPU
		{676C6C94-8EC5-4C7B-A5FD-6E32BF42BB63}.Debug|Any CPU.Build.0 = Debug|Any CPU
		{676C6C94-8EC5-4C7B-A5FD-6E32BF42BB63}.Release|Any CPU.ActiveCfg = Release|Any CPU
		{676C6C94-8EC5-4C7B-A5FD-6E32BF42BB63}.Release|Any CPU.Build.0 = Release|Any CPU
		{04BCB9AC-3A53-44DE-AF4C-F2873C0F19C5}.Debug|Any CPU.ActiveCfg = Debug|Any CPU
		{04BCB9AC-3A53-44DE-AF4C-F2873C0F19C5}.Debug|Any CPU.Build.0 = Debug|Any CPU
		{04BCB9AC-3A53-44DE-AF4C-F2873C0F19C5}.Release|Any CPU.ActiveCfg = Release|Any CPU
		{04BCB9AC-3A53-44DE-AF4C-F2873C0F19C5}.Release|Any CPU.Build.0 = Release|Any CPU
		{12232802-F078-4444-AF01-07DB921A9482}.Debug|Any CPU.ActiveCfg = Debug|Any CPU
		{12232802-F078-4444-AF01-07DB921A9482}.Debug|Any CPU.Build.0 = Debug|Any CPU
		{12232802-F078-4444-AF01-07DB921A9482}.Release|Any CPU.ActiveCfg = Release|Any CPU
		{12232802-F078-4444-AF01-07DB921A9482}.Release|Any CPU.Build.0 = Release|Any CPU
		{13712547-8B4B-4A96-BC45-75897FC9D5B7}.Debug|Any CPU.ActiveCfg = Debug|Any CPU
		{13712547-8B4B-4A96-BC45-75897FC9D5B7}.Debug|Any CPU.Build.0 = Debug|Any CPU
		{13712547-8B4B-4A96-BC45-75897FC9D5B7}.Release|Any CPU.ActiveCfg = Release|Any CPU
		{13712547-8B4B-4A96-BC45-75897FC9D5B7}.Release|Any CPU.Build.0 = Release|Any CPU
		{76D729AE-03EF-40AE-89C3-62D83B60CF28}.Debug|Any CPU.ActiveCfg = Debug|Any CPU
		{76D729AE-03EF-40AE-89C3-62D83B60CF28}.Debug|Any CPU.Build.0 = Debug|Any CPU
		{76D729AE-03EF-40AE-89C3-62D83B60CF28}.Release|Any CPU.ActiveCfg = Release|Any CPU
		{76D729AE-03EF-40AE-89C3-62D83B60CF28}.Release|Any CPU.Build.0 = Release|Any CPU
		{C3920527-72E4-4F5D-890A-F890E4A4E50A}.Debug|Any CPU.ActiveCfg = Debug|Any CPU
		{C3920527-72E4-4F5D-890A-F890E4A4E50A}.Debug|Any CPU.Build.0 = Debug|Any CPU
		{C3920527-72E4-4F5D-890A-F890E4A4E50A}.Release|Any CPU.ActiveCfg = Release|Any CPU
		{C3920527-72E4-4F5D-890A-F890E4A4E50A}.Release|Any CPU.Build.0 = Release|Any CPU
		{5915F68C-AC5A-44B4-9719-FD09EA500A1C}.Debug|Any CPU.ActiveCfg = Debug|Any CPU
		{5915F68C-AC5A-44B4-9719-FD09EA500A1C}.Debug|Any CPU.Build.0 = Debug|Any CPU
		{5915F68C-AC5A-44B4-9719-FD09EA500A1C}.Release|Any CPU.ActiveCfg = Release|Any CPU
		{5915F68C-AC5A-44B4-9719-FD09EA500A1C}.Release|Any CPU.Build.0 = Release|Any CPU
		{8AA806A4-BE62-46B8-8169-65A26776FD6C}.Debug|Any CPU.ActiveCfg = Debug|Any CPU
		{8AA806A4-BE62-46B8-8169-65A26776FD6C}.Debug|Any CPU.Build.0 = Debug|Any CPU
		{8AA806A4-BE62-46B8-8169-65A26776FD6C}.Release|Any CPU.ActiveCfg = Release|Any CPU
		{8AA806A4-BE62-46B8-8169-65A26776FD6C}.Release|Any CPU.Build.0 = Release|Any CPU
		{B2F02721-9F4D-473B-8ABA-5B044C606F5F}.Debug|Any CPU.ActiveCfg = Debug|Any CPU
		{B2F02721-9F4D-473B-8ABA-5B044C606F5F}.Debug|Any CPU.Build.0 = Debug|Any CPU
		{B2F02721-9F4D-473B-8ABA-5B044C606F5F}.Release|Any CPU.ActiveCfg = Release|Any CPU
		{B2F02721-9F4D-473B-8ABA-5B044C606F5F}.Release|Any CPU.Build.0 = Release|Any CPU
		{8CA70F1E-EFA3-4727-8D6D-E5114AA47D91}.Debug|Any CPU.ActiveCfg = Debug|Any CPU
		{8CA70F1E-EFA3-4727-8D6D-E5114AA47D91}.Debug|Any CPU.Build.0 = Debug|Any CPU
		{8CA70F1E-EFA3-4727-8D6D-E5114AA47D91}.Release|Any CPU.ActiveCfg = Release|Any CPU
		{8CA70F1E-EFA3-4727-8D6D-E5114AA47D91}.Release|Any CPU.Build.0 = Release|Any CPU
		{C696C361-49C5-41CB-B795-9CBCC5A0D653}.Debug|Any CPU.ActiveCfg = Debug|Any CPU
		{C696C361-49C5-41CB-B795-9CBCC5A0D653}.Debug|Any CPU.Build.0 = Debug|Any CPU
		{C696C361-49C5-41CB-B795-9CBCC5A0D653}.Release|Any CPU.ActiveCfg = Release|Any CPU
		{C696C361-49C5-41CB-B795-9CBCC5A0D653}.Release|Any CPU.Build.0 = Release|Any CPU
		{EAB5C9A0-D1E3-490E-B068-0669367C1272}.Debug|Any CPU.ActiveCfg = Debug|Any CPU
		{EAB5C9A0-D1E3-490E-B068-0669367C1272}.Debug|Any CPU.Build.0 = Debug|Any CPU
		{EAB5C9A0-D1E3-490E-B068-0669367C1272}.Release|Any CPU.ActiveCfg = Release|Any CPU
		{EAB5C9A0-D1E3-490E-B068-0669367C1272}.Release|Any CPU.Build.0 = Release|Any CPU
		{DC4A3177-4744-4514-8E56-EF3151934ADD}.Debug|Any CPU.ActiveCfg = Debug|Any CPU
		{DC4A3177-4744-4514-8E56-EF3151934ADD}.Debug|Any CPU.Build.0 = Debug|Any CPU
		{DC4A3177-4744-4514-8E56-EF3151934ADD}.Release|Any CPU.ActiveCfg = Release|Any CPU
		{DC4A3177-4744-4514-8E56-EF3151934ADD}.Release|Any CPU.Build.0 = Release|Any CPU
		{3FE3676D-4E49-440B-9FCA-68248FE3BEB6}.Debug|Any CPU.ActiveCfg = Debug|Any CPU
		{3FE3676D-4E49-440B-9FCA-68248FE3BEB6}.Debug|Any CPU.Build.0 = Debug|Any CPU
		{3FE3676D-4E49-440B-9FCA-68248FE3BEB6}.Release|Any CPU.ActiveCfg = Release|Any CPU
		{3FE3676D-4E49-440B-9FCA-68248FE3BEB6}.Release|Any CPU.Build.0 = Release|Any CPU
		{76B09D56-8565-48E2-88A8-74ACFE0C34C7}.Debug|Any CPU.ActiveCfg = Debug|Any CPU
		{76B09D56-8565-48E2-88A8-74ACFE0C34C7}.Debug|Any CPU.Build.0 = Debug|Any CPU
		{76B09D56-8565-48E2-88A8-74ACFE0C34C7}.Release|Any CPU.ActiveCfg = Release|Any CPU
		{76B09D56-8565-48E2-88A8-74ACFE0C34C7}.Release|Any CPU.Build.0 = Release|Any CPU
		{25BC0E7B-A8BC-44CC-A186-7371D6C165F2}.Debug|Any CPU.ActiveCfg = Debug|Any CPU
		{25BC0E7B-A8BC-44CC-A186-7371D6C165F2}.Debug|Any CPU.Build.0 = Debug|Any CPU
		{25BC0E7B-A8BC-44CC-A186-7371D6C165F2}.Release|Any CPU.ActiveCfg = Release|Any CPU
		{25BC0E7B-A8BC-44CC-A186-7371D6C165F2}.Release|Any CPU.Build.0 = Release|Any CPU
		{EC12E078-EEAD-4A9F-B791-FE10AC7501F7}.Debug|Any CPU.ActiveCfg = Debug|Any CPU
		{EC12E078-EEAD-4A9F-B791-FE10AC7501F7}.Debug|Any CPU.Build.0 = Debug|Any CPU
		{EC12E078-EEAD-4A9F-B791-FE10AC7501F7}.Release|Any CPU.ActiveCfg = Release|Any CPU
		{EC12E078-EEAD-4A9F-B791-FE10AC7501F7}.Release|Any CPU.Build.0 = Release|Any CPU
	EndGlobalSection
	GlobalSection(SolutionProperties) = preSolution
		HideSolutionNode = FALSE
	EndGlobalSection
	GlobalSection(NestedProjects) = preSolution
		{2F1BAC91-CEA9-4ED6-94F2-57CA1D52AA50} = {E6C3B637-2CB8-49FE-8354-8FBFC230F2AA}
		{C28E90ED-6222-499E-A4E0-E413C0F0C4CA} = {2F1BAC91-CEA9-4ED6-94F2-57CA1D52AA50}
		{4AEA7143-0B35-41EB-9AB4-F38F642E709F} = {E6C3B637-2CB8-49FE-8354-8FBFC230F2AA}
		{FB168520-5F35-43C3-9C15-0EA8C1F2F69F} = {4AEA7143-0B35-41EB-9AB4-F38F642E709F}
		{EA121B24-7164-43F8-92E0-D7F7746B2AA4} = {E6C3B637-2CB8-49FE-8354-8FBFC230F2AA}
		{C3075A57-BDFD-4D56-8202-4E5AEBD0A6CF} = {EA121B24-7164-43F8-92E0-D7F7746B2AA4}
		{3A8484DE-77C2-46A1-9D9F-A3184482B5AC} = {EA121B24-7164-43F8-92E0-D7F7746B2AA4}
		{B27182A3-2722-4010-A44D-A7C481DFFC91} = {EA121B24-7164-43F8-92E0-D7F7746B2AA4}
		{867AA5D1-3A7A-4C55-9D0F-1E4A11F8082B} = {C3075A57-BDFD-4D56-8202-4E5AEBD0A6CF}
		{676C6C94-8EC5-4C7B-A5FD-6E32BF42BB63} = {C3075A57-BDFD-4D56-8202-4E5AEBD0A6CF}
		{04BCB9AC-3A53-44DE-AF4C-F2873C0F19C5} = {3A8484DE-77C2-46A1-9D9F-A3184482B5AC}
		{12232802-F078-4444-AF01-07DB921A9482} = {B27182A3-2722-4010-A44D-A7C481DFFC91}
		{13712547-8B4B-4A96-BC45-75897FC9D5B7} = {B81197A7-5A8A-4681-80E8-060386C19FD7}
		{36286A90-0DAE-4727-A005-6FBA559F066E} = {E6C3B637-2CB8-49FE-8354-8FBFC230F2AA}
		{76D729AE-03EF-40AE-89C3-62D83B60CF28} = {36286A90-0DAE-4727-A005-6FBA559F066E}
		{C3920527-72E4-4F5D-890A-F890E4A4E50A} = {36286A90-0DAE-4727-A005-6FBA559F066E}
		{5915F68C-AC5A-44B4-9719-FD09EA500A1C} = {36286A90-0DAE-4727-A005-6FBA559F066E}
		{8AA806A4-BE62-46B8-8169-65A26776FD6C} = {36286A90-0DAE-4727-A005-6FBA559F066E}
		{B2F02721-9F4D-473B-8ABA-5B044C606F5F} = {36286A90-0DAE-4727-A005-6FBA559F066E}
		{237B7271-108E-4AA5-84DC-482A019A3FFB} = {E6C3B637-2CB8-49FE-8354-8FBFC230F2AA}
		{8CA70F1E-EFA3-4727-8D6D-E5114AA47D91} = {237B7271-108E-4AA5-84DC-482A019A3FFB}
		{C696C361-49C5-41CB-B795-9CBCC5A0D653} = {86FFFB7D-7C23-4292-B3AB-8F4EB72FFEE7}
		{EAB5C9A0-D1E3-490E-B068-0669367C1272} = {86FFFB7D-7C23-4292-B3AB-8F4EB72FFEE7}
		{D0E6D42E-F301-4EE2-9F22-4CAC3A86070F} = {E6C3B637-2CB8-49FE-8354-8FBFC230F2AA}
		{DC4A3177-4744-4514-8E56-EF3151934ADD} = {D0E6D42E-F301-4EE2-9F22-4CAC3A86070F}
		{3FE3676D-4E49-440B-9FCA-68248FE3BEB6} = {8D2A1EFD-6A97-4E32-B069-B15E045352CB}
		{B643B3E6-11FC-4BEA-80FF-09216F71A203} = {E6C3B637-2CB8-49FE-8354-8FBFC230F2AA}
		{76B09D56-8565-48E2-88A8-74ACFE0C34C7} = {B643B3E6-11FC-4BEA-80FF-09216F71A203}
		{0184B0E3-65EF-4406-88AE-24F939B52A82} = {E6C3B637-2CB8-49FE-8354-8FBFC230F2AA}
		{25BC0E7B-A8BC-44CC-A186-7371D6C165F2} = {0184B0E3-65EF-4406-88AE-24F939B52A82}
		{7B3C84AD-F571-42A4-8D2D-21C7F2473DA2} = {E6C3B637-2CB8-49FE-8354-8FBFC230F2AA}
		{EC12E078-EEAD-4A9F-B791-FE10AC7501F7} = {7B3C84AD-F571-42A4-8D2D-21C7F2473DA2}
	EndGlobalSection
	GlobalSection(ExtensibilityGlobals) = postSolution
		SolutionGuid = {C53A8806-93C6-4315-B23F-166B3DBC06D3}
	EndGlobalSection
EndGlobal
